
Microsoft Visual Studio Solution File, Format Version 12.00
# Visual Studio Version 17
VisualStudioVersion = 17.11.35327.3
MinimumVisualStudioVersion = 10.0.40219.1
Project("{FAE04EC0-301F-11D3-BF4B-00C04F79EFBC}") = "DoctorPortal.Backend", "DoctorPortal.Backend\DoctorPortal.Backend.csproj", "{ED20285E-D75A-47C7-877D-A8F811F21149}"
EndProject
Project("{54A90642-561A-4BB1-A94E-469ADEE60C69}") = "doctorportal.frontend", "DoctorPortal.Frontend\doctorportal.frontend.esproj", "{872CF0AF-F9F4-4855-8FBE-6BCDC315AE7B}"
EndProject
Global
	GlobalSection(SolutionConfigurationPlatforms) = preSolution
		Debug|Any CPU = Debug|Any CPU
		Release|Any CPU = Release|Any CPU
	EndGlobalSection
	GlobalSection(ProjectConfigurationPlatforms) = postSolution
		{ED20285E-D75A-47C7-877D-A8F811F21149}.Debug|Any CPU.ActiveCfg = Debug|Any CPU
		{ED20285E-D75A-47C7-877D-A8F811F21149}.Debug|Any CPU.Build.0 = Debug|Any CPU
		{ED20285E-D75A-47C7-877D-A8F811F21149}.Release|Any CPU.ActiveCfg = Release|Any CPU
		{ED20285E-D75A-47C7-877D-A8F811F21149}.Release|Any CPU.Build.0 = Release|Any CPU
		{872CF0AF-F9F4-4855-8FBE-6BCDC315AE7B}.Debug|Any CPU.ActiveCfg = Debug|Any CPU
		{872CF0AF-F9F4-4855-8FBE-6BCDC315AE7B}.Debug|Any CPU.Build.0 = Debug|Any CPU
		{872CF0AF-F9F4-4855-8FBE-6BCDC315AE7B}.Debug|Any CPU.Deploy.0 = Debug|Any CPU
		{872CF0AF-F9F4-4855-8FBE-6BCDC315AE7B}.Release|Any CPU.ActiveCfg = Release|Any CPU
		{872CF0AF-F9F4-4855-8FBE-6BCDC315AE7B}.Release|Any CPU.Build.0 = Release|Any CPU
		{872CF0AF-F9F4-4855-8FBE-6BCDC315AE7B}.Release|Any CPU.Deploy.0 = Release|Any CPU
	EndGlobalSection
	GlobalSection(SolutionProperties) = preSolution
		HideSolutionNode = FALSE
	EndGlobalSection
	GlobalSection(ExtensibilityGlobals) = postSolution
		SolutionGuid = {1CC8949F-2A29-4E00-8990-7D0ADE262469}
	EndGlobalSection
EndGlobal
